{
  "name": "cicero-asc",
  "version": "1.0.0",
  "lockfileVersion": 3,
  "requires": true,
  "packages": {
    "": {
      "name": "cicero-asc",
      "version": "1.0.0",
      "license": "ISC",
      "dependencies": {
        "as-bignum": "^0.2.23",
        "json-as": "^0.5.6",
        "visitor-as": "^0.11.3"
      },
      "devDependencies": {
        "assemblyscript": "^0.24.1"
      }
    },
    "node_modules/@assemblyscript/loader": {
      "version": "0.19.23",
      "resolved": "https://registry.npmjs.org/@assemblyscript/loader/-/loader-0.19.23.tgz",
      "integrity": "sha512-ulkCYfFbYj01ie1MDOyxv2F6SpRN1TOj7fQxbP07D6HmeR+gr2JLSmINKjga2emB+b1L2KGrFKBTc+e00p54nw=="
    },
    "node_modules/as-bignum": {
      "version": "0.2.23",
      "resolved": "https://registry.npmjs.org/as-bignum/-/as-bignum-0.2.23.tgz",
      "integrity": "sha512-0+GiwHNwyw0lXI+6uzOI6ReNOEsqKihdLJuOYJeqEOfXcIqwtSixLcQ7h9UQaMrroktW/Idmqj2TinpcWTxxJA=="
    },
    "node_modules/as-string-sink": {
      "version": "0.5.2",
      "resolved": "https://registry.npmjs.org/as-string-sink/-/as-string-sink-0.5.2.tgz",
      "integrity": "sha512-HJmhbgJWqfllV7ltZxpMaj/AxSkokb3MzYo1Qd+0HIB9zyzChu1SXBmNc3n0U3XrT6/NIeQvBUegxaXwoUNXAg=="
    },
    "node_modules/as-variant": {
      "version": "0.4.0",
      "resolved": "https://registry.npmjs.org/as-variant/-/as-variant-0.4.0.tgz",
      "integrity": "sha512-EJUrF7R/G+TQ8t/cH2S7Z9t3v4eKfggCr7HBQGVRXCk+eehs7YOfvR7ScTSAt6vsOui9S5zCkXa1gAGZ9F7vJg==",
      "dependencies": {
        "@assemblyscript/loader": "^0.19.5"
      }
    },
    "node_modules/assemblyscript": {
      "version": "0.24.1",
      "resolved": "https://registry.npmjs.org/assemblyscript/-/assemblyscript-0.24.1.tgz",
      "integrity": "sha512-uqR7NW0z/QFuqOkszoCb2F2jJI0VsmmmATRYG2JGzspC9nkct/8+6Pad7amCnIRriAC/T9AknEs+Qv/U/+fNpQ==",
      "dependencies": {
        "binaryen": "110.0.0-nightly.20221105",
        "long": "^5.2.0"
      },
      "bin": {
        "asc": "bin/asc.js",
        "asinit": "bin/asinit.js"
      },
      "engines": {
        "node": ">=16.0.0",
        "npm": ">=7.0.0"
      },
      "funding": {
        "type": "opencollective",
        "url": "https://opencollective.com/assemblyscript"
      }
    },
    "node_modules/binaryen": {
      "version": "110.0.0-nightly.20221105",
      "resolved": "https://registry.npmjs.org/binaryen/-/binaryen-110.0.0-nightly.20221105.tgz",
      "integrity": "sha512-OBESOc51q3SwgG8Uv8nMzGnSq7LJpSB/Fu8B3AjlZg6YtCEwRnlDWlnwNB6mdql+VdexfKmNcsrs4K7MYidmdQ==",
      "bin": {
        "wasm-opt": "bin/wasm-opt",
        "wasm2js": "bin/wasm2js"
      }
    },
    "node_modules/json-as": {
      "version": "0.5.6",
      "resolved": "https://registry.npmjs.org/json-as/-/json-as-0.5.6.tgz",
      "integrity": "sha512-R/Li9DI5CiwyKJzGdrDRn2NyKDDcRIJ8UXqB96AGmwkiYP1KLWVvVOuvno7fwabOR+99Rk/VL53iNrtzbm+WlQ==",
      "dependencies": {
        "as-string-sink": "^0.5.0",
        "as-variant": "^0.4.0"
      }
    },
    "node_modules/lodash.clonedeep": {
      "version": "4.5.0",
      "resolved": "https://registry.npmjs.org/lodash.clonedeep/-/lodash.clonedeep-4.5.0.tgz",
      "integrity": "sha512-H5ZhCF25riFd9uB5UCkVKo61m3S/xZk1x4wA6yp/L3RFP6Z/eHH1ymQcGLo7J3GMPfm0V/7m1tryHuGVxpqEBQ=="
    },
    "node_modules/long": {
      "version": "5.2.1",
      "resolved": "https://registry.npmjs.org/long/-/long-5.2.1.tgz",
      "integrity": "sha512-GKSNGeNAtw8IryjjkhZxuKB3JzlcLTwjtiQCHKvqQet81I93kXslhDQruGI/QsddO83mcDToBVy7GqGS/zYf/A=="
    },
    "node_modules/ts-mixer": {
      "version": "6.0.2",
      "resolved": "https://registry.npmjs.org/ts-mixer/-/ts-mixer-6.0.2.tgz",
      "integrity": "sha512-zvHx3VM83m2WYCE8XL99uaM7mFwYSkjR2OZti98fabHrwkjsCvgwChda5xctein3xGOyaQhtTeDq/1H/GNvF3A=="
    },
    "node_modules/visitor-as": {
      "version": "0.11.3",
      "resolved": "https://registry.npmjs.org/visitor-as/-/visitor-as-0.11.3.tgz",
      "integrity": "sha512-5dUn/URe/Ky2gPBFj+a5teKcGgWoOfpNiJ0ApGWBbrGWVZC/Nf8ATuCeeEGqMNFfzqhmqe6e68/dSHYiSYTDJw==",
      "dependencies": {
        "lodash.clonedeep": "^4.5.0",
        "ts-mixer": "^6.0.2"
      },
      "peerDependencies": {
        "assemblyscript": "^0.24.0"
      }
    }
  }
}
